schema: '2.0'
stages:
  prepare:
    cmd: python prepare_data.py
    deps:
    - path: prepare_data.py
      hash: md5
      md5: 3f3c976285a2132c5a7b413ce7a394fa
      size: 555
    outs:
    - path: data/breast_cancer.csv
      hash: md5
      md5: 24d9881fad8cfb3d94f5276d372e422b
      size: 121955
